
Microsoft Visual Studio Solution File, Format Version 12.00
# Visual Studio 15
Project("{FAE04EC0-301F-11D3-BF4B-00C04F79EFBC}") = "DAL", "DAL\DAL.csproj", "{82515383-EB11-4E85-A5E1-8697AEB02BCA}"
EndProject
Project("{FAE04EC0-301F-11D3-BF4B-00C04F79EFBC}") = "BLL", "BLL\BLL.csproj", "{83083646-5C99-4742-A951-406765C84EC7}"
EndProject
Project("{FAE04EC0-301F-11D3-BF4B-00C04F79EFBC}") = "PL", "PL\PL.csproj", "{6059AABF-1F26-4081-A785-0714C04B1936}"
EndProject
Global
	GlobalSection(SolutionConfigurationPlatforms) = preSolution
		Debug|Any CPU = Debug|Any CPU
		Release|Any CPU = Release|Any CPU
	EndGlobalSection
	GlobalSection(ProjectConfigurationPlatforms) = postSolution
		{82515383-EB11-4E85-A5E1-8697AEB02BCA}.Debug|Any CPU.ActiveCfg = Debug|Any CPU
		{82515383-EB11-4E85-A5E1-8697AEB02BCA}.Debug|Any CPU.Build.0 = Debug|Any CPU
		{82515383-EB11-4E85-A5E1-8697AEB02BCA}.Release|Any CPU.ActiveCfg = Release|Any CPU
		{82515383-EB11-4E85-A5E1-8697AEB02BCA}.Release|Any CPU.Build.0 = Release|Any CPU
		{83083646-5C99-4742-A951-406765C84EC7}.Debug|Any CPU.ActiveCfg = Debug|Any CPU
		{83083646-5C99-4742-A951-406765C84EC7}.Debug|Any CPU.Build.0 = Debug|Any CPU
		{83083646-5C99-4742-A951-406765C84EC7}.Release|Any CPU.ActiveCfg = Release|Any CPU
		{83083646-5C99-4742-A951-406765C84EC7}.Release|Any CPU.Build.0 = Release|Any CPU
		{6059AABF-1F26-4081-A785-0714C04B1936}.Debug|Any CPU.ActiveCfg = Debug|Any CPU
		{6059AABF-1F26-4081-A785-0714C04B1936}.Debug|Any CPU.Build.0 = Debug|Any CPU
		{6059AABF-1F26-4081-A785-0714C04B1936}.Release|Any CPU.ActiveCfg = Release|Any CPU
		{6059AABF-1F26-4081-A785-0714C04B1936}.Release|Any CPU.Build.0 = Release|Any CPU
	EndGlobalSection
EndGlobal
